
Microsoft Visual Studio Solution File, Format Version 12.00
# Visual Studio Version 16
VisualStudioVersion = 16.0.30717.126
MinimumVisualStudioVersion = 10.0.40219.1
Project("{FAE04EC0-301F-11D3-BF4B-00C04F79EFBC}") = "MMO_EFCore", "MMO_EFCore.csproj", "{90FD0034-218C-4370-A067-26061A583E21}"
EndProject
Global
	GlobalSection(SolutionConfigurationPlatforms) = preSolution
		Debug|Any CPU = Debug|Any CPU
		Release|Any CPU = Release|Any CPU
	EndGlobalSection
	GlobalSection(ProjectConfigurationPlatforms) = postSolution
		{90FD0034-218C-4370-A067-26061A583E21}.Debug|Any CPU.ActiveCfg = Debug|Any CPU
		{90FD0034-218C-4370-A067-26061A583E21}.Debug|Any CPU.Build.0 = Debug|Any CPU
		{90FD0034-218C-4370-A067-26061A583E21}.Release|Any CPU.ActiveCfg = Release|Any CPU
		{90FD0034-218C-4370-A067-26061A583E21}.Release|Any CPU.Build.0 = Release|Any CPU
	EndGlobalSection
	GlobalSection(SolutionProperties) = preSolution
		HideSolutionNode = FALSE
	EndGlobalSection
	GlobalSection(ExtensibilityGlobals) = postSolution
		SolutionGuid = {4D118923-59E5-48AC-B102-5DBA978F520D}
	EndGlobalSection
EndGlobal
